
Microsoft Visual Studio Solution File, Format Version 12.00
# Visual Studio 11 Express for Windows 8
Project("{262852C6-CD72-467D-83FE-5EEB1973A190}") = "WhereTheFriend", "WhereTheFriend\WhereTheFriend.jsproj", "{C5C0C40F-CBD0-4E1E-AFE4-932C9C60BE8D}"
EndProject
Global
	GlobalSection(SolutionConfigurationPlatforms) = preSolution
		Debug|ARM = Debug|ARM
		Debug|Any CPU = Debug|Any CPU
		Debug|x64 = Debug|x64
		Debug|x86 = Debug|x86
		Release|ARM = Release|ARM
		Release|Any CPU = Release|Any CPU
		Release|x64 = Release|x64
		Release|x86 = Release|x86
	EndGlobalSection
	GlobalSection(ProjectConfigurationPlatforms) = postSolution
		{C5C0C40F-CBD0-4E1E-AFE4-932C9C60BE8D}.Debug|ARM.ActiveCfg = Debug|ARM
		{C5C0C40F-CBD0-4E1E-AFE4-932C9C60BE8D}.Debug|ARM.Build.0 = Debug|ARM
		{C5C0C40F-CBD0-4E1E-AFE4-932C9C60BE8D}.Debug|ARM.Deploy.0 = Debug|ARM
		{C5C0C40F-CBD0-4E1E-AFE4-932C9C60BE8D}.Debug|Any CPU.ActiveCfg = Debug|Any CPU
		{C5C0C40F-CBD0-4E1E-AFE4-932C9C60BE8D}.Debug|Any CPU.Build.0 = Debug|Any CPU
		{C5C0C40F-CBD0-4E1E-AFE4-932C9C60BE8D}.Debug|Any CPU.Deploy.0 = Debug|Any CPU
		{C5C0C40F-CBD0-4E1E-AFE4-932C9C60BE8D}.Debug|x64.ActiveCfg = Debug|x64
		{C5C0C40F-CBD0-4E1E-AFE4-932C9C60BE8D}.Debug|x64.Build.0 = Debug|x64
		{C5C0C40F-CBD0-4E1E-AFE4-932C9C60BE8D}.Debug|x64.Deploy.0 = Debug|x64
		{C5C0C40F-CBD0-4E1E-AFE4-932C9C60BE8D}.Debug|x86.ActiveCfg = Debug|x86
		{C5C0C40F-CBD0-4E1E-AFE4-932C9C60BE8D}.Debug|x86.Build.0 = Debug|x86
		{C5C0C40F-CBD0-4E1E-AFE4-932C9C60BE8D}.Debug|x86.Deploy.0 = Debug|x86
		{C5C0C40F-CBD0-4E1E-AFE4-932C9C60BE8D}.Release|ARM.ActiveCfg = Release|ARM
		{C5C0C40F-CBD0-4E1E-AFE4-932C9C60BE8D}.Release|ARM.Build.0 = Release|ARM
		{C5C0C40F-CBD0-4E1E-AFE4-932C9C60BE8D}.Release|ARM.Deploy.0 = Release|ARM
		{C5C0C40F-CBD0-4E1E-AFE4-932C9C60BE8D}.Release|Any CPU.ActiveCfg = Release|Any CPU
		{C5C0C40F-CBD0-4E1E-AFE4-932C9C60BE8D}.Release|Any CPU.Build.0 = Release|Any CPU
		{C5C0C40F-CBD0-4E1E-AFE4-932C9C60BE8D}.Release|Any CPU.Deploy.0 = Release|Any CPU
		{C5C0C40F-CBD0-4E1E-AFE4-932C9C60BE8D}.Release|x64.ActiveCfg = Release|x64
		{C5C0C40F-CBD0-4E1E-AFE4-932C9C60BE8D}.Release|x64.Build.0 = Release|x64
		{C5C0C40F-CBD0-4E1E-AFE4-932C9C60BE8D}.Release|x64.Deploy.0 = Release|x64
		{C5C0C40F-CBD0-4E1E-AFE4-932C9C60BE8D}.Release|x86.ActiveCfg = Release|x86
		{C5C0C40F-CBD0-4E1E-AFE4-932C9C60BE8D}.Release|x86.Build.0 = Release|x86
		{C5C0C40F-CBD0-4E1E-AFE4-932C9C60BE8D}.Release|x86.Deploy.0 = Release|x86
	EndGlobalSection
	GlobalSection(SolutionProperties) = preSolution
		HideSolutionNode = FALSE
	EndGlobalSection
EndGlobal
